{
  "name": "inscribed",
  "version": "1.0.0",
  "lockfileVersion": 2,
  "requires": true,
  "packages": {
    "": {
      "name": "inscribed",
      "version": "1.0.0",
      "license": "ISC",
      "engines": {
        "node": "20.15.0",
        "npm": "10.8.1"
      }
    }
  }
}
